<?xml version="1.0" encoding="utf-8"?>
<Project ToolsVersion="4.0" xmlns="http://schemas.microsoft.com/developer/msbuild/2003">
  <ItemGroup>
    <Filter Include="Source Files">
      <UniqueIdentifier>{4FC737F1-C7A5-4376-A066-2A32D752A2FF}</UniqueIdentifier>
      <Extensions>cpp;c;cc;cxx;def;odl;idl;hpj;bat;asm;asmx</Extensions>
    </Filter>
    <Filter Include="Resource Files">
      <UniqueIdentifier>{67DA6AB6-F800-4c08-8B7A-83BB121AAD01}</UniqueIdentifier>
      <Extensions>rc;ico;cur;bmp;dlg;rc2;rct;bin;rgs;gif;jpg;jpeg;jpe;resx;tiff;tif;png;wav;mfcribbon-ms</Extensions>
    </Filter>
  </ItemGroup>
  <ItemGroup>
    <ClCompile Include="..\EngineTests\ResourceMgrTest.cpp">
      <Filter>Source Files</Filter>
    </ClCompile>
    <ClCompile Include="..\EngineTests\StringUtilitiesTest.cpp">
      <Filter>Source Files</Filter>
    </ClCompile>
    <ClCompile Include="..\EngineTests\ZipFileTest.cpp">
      <Filter>Source Files</Filter>
    </ClCompile>
    <ClCompile Include="..\EngineTests\TestMain.cpp">
      <Filter>Source Files</Filter>
    </ClCompile>
    <ClCompile Include="..\EngineTests\main_win32.cpp">
      <Filter>Source Files</Filter>
    </ClCompile>
    <ClCompile Include="..\EngineTests\TransformComponentTest.cpp">
      <Filter>Source Files</Filter>
    </ClCompile>
    <ClCompile Include="..\EngineTests\EventManagerTest.cpp">
      <Filter>Source Files</Filter>
    </ClCompile>
    <ClCompile Include="..\EngineTests\ShaderManagerTest.cpp">
      <Filter>Source Files</Filter>
    </ClCompile>
  </ItemGroup>
  <ItemGroup>
    <ClInclude Include="..\EngineTests\StringUtilitiesTest.h">
      <Filter>Source Files</Filter>
    </ClInclude>
    <ClInclude Include="..\EngineTests\ZipFileTest.h">
      <Filter>Source Files</Filter>
    </ClInclude>
    <ClInclude Include="..\EngineTests\ResourceMgrTest.h">
      <Filter>Source Files</Filter>
    </ClInclude>
    <ClInclude Include="..\EngineTests\TestMain.h">
      <Filter>Source Files</Filter>
    </ClInclude>
    <ClInclude Include="..\EngineTests\TransformComponentTest.h">
      <Filter>Source Files</Filter>
    </ClInclude>
    <ClInclude Include="..\EngineTests\EventManagerTest.h">
      <Filter>Source Files</Filter>
    </ClInclude>
    <ClInclude Include="..\EngineTests\ShaderManagerTest.h">
      <Filter>Source Files</Filter>
    </ClInclude>
  </ItemGroup>
</Project>