<?xml version="1.0" encoding="utf-8"?>
<Project ToolsVersion="4.0" xmlns="http://schemas.microsoft.com/developer/msbuild/2003">
  <ItemGroup>
    <Filter Include="Source Files">
      <UniqueIdentifier>{4FC737F1-C7A5-4376-A066-2A32D752A2FF}</UniqueIdentifier>
      <Extensions>cpp;c;cc;cxx;def;odl;idl;hpj;bat;asm;asmx</Extensions>
    </Filter>
    <Filter Include="Resource Files">
      <UniqueIdentifier>{67DA6AB6-F800-4c08-8B7A-83BB121AAD01}</UniqueIdentifier>
      <Extensions>rc;ico;cur;bmp;dlg;rc2;rct;bin;rgs;gif;jpg;jpeg;jpe;resx;tiff;tif;png;wav;mfcribbon-ms</Extensions>
    </Filter>
    <Filter Include="Source Files\Rendering">
      <UniqueIdentifier>{b62bf2b8-9ad0-44d9-8110-56f28049351d}</UniqueIdentifier>
    </Filter>
    <Filter Include="Source Files\Actors">
      <UniqueIdentifier>{d3b00397-560a-4bdb-9548-44ba759e99bf}</UniqueIdentifier>
    </Filter>
    <Filter Include="Source Files\ResourceManager">
      <UniqueIdentifier>{f25b2e21-6a4e-4184-8116-876816af3df4}</UniqueIdentifier>
    </Filter>
    <Filter Include="Source Files\UI">
      <UniqueIdentifier>{d4efa60e-7b10-4407-b971-6a8089522a3b}</UniqueIdentifier>
    </Filter>
    <Filter Include="Source Files\Threading">
      <UniqueIdentifier>{6ae061fc-22a5-467b-9181-3a30f2539709}</UniqueIdentifier>
    </Filter>
    <Filter Include="Source Files\EventManager">
      <UniqueIdentifier>{8ac01cd4-4878-4731-b60d-a3809b09aac9}</UniqueIdentifier>
    </Filter>
  </ItemGroup>
  <ItemGroup>
    <ClInclude Include="..\Engine\StringUtilities.h">
      <Filter>Source Files</Filter>
    </ClInclude>
    <ClInclude Include="..\Engine\Logger.h">
      <Filter>Source Files</Filter>
    </ClInclude>
    <ClInclude Include="..\Engine\TamagotchiEngine.h">
      <Filter>Source Files</Filter>
    </ClInclude>
    <ClInclude Include="..\Engine\defines.h">
      <Filter>Source Files</Filter>
    </ClInclude>
    <ClInclude Include="..\Engine\GameLogic.h">
      <Filter>Source Files</Filter>
    </ClInclude>
    <ClInclude Include="..\Engine\ResourceManager\Filesystem.h">
      <Filter>Source Files\ResourceManager</Filter>
    </ClInclude>
    <ClInclude Include="..\Engine\ResourceManager\ResourceManager.h">
      <Filter>Source Files\ResourceManager</Filter>
    </ClInclude>
    <ClInclude Include="..\Engine\ResourceManager\TextureResource.h">
      <Filter>Source Files\ResourceManager</Filter>
    </ClInclude>
    <ClInclude Include="..\Engine\ResourceManager\XMLResource.h">
      <Filter>Source Files\ResourceManager</Filter>
    </ClInclude>
    <ClInclude Include="..\Engine\ResourceManager\ZipFile.h">
      <Filter>Source Files\ResourceManager</Filter>
    </ClInclude>
    <ClInclude Include="..\Engine\Rendering\GLES.h">
      <Filter>Source Files\Rendering</Filter>
    </ClInclude>
    <ClInclude Include="..\Engine\Rendering\Renderer.h">
      <Filter>Source Files\Rendering</Filter>
    </ClInclude>
    <ClInclude Include="..\Engine\Rendering\Scene.h">
      <Filter>Source Files\Rendering</Filter>
    </ClInclude>
    <ClInclude Include="..\Engine\Rendering\SceneNode.h">
      <Filter>Source Files\Rendering</Filter>
    </ClInclude>
    <ClInclude Include="..\Engine\Actors\Actor.h">
      <Filter>Source Files\Actors</Filter>
    </ClInclude>
    <ClInclude Include="..\Engine\Actors\ActorComponent.h">
      <Filter>Source Files\Actors</Filter>
    </ClInclude>
    <ClInclude Include="..\Engine\Actors\ActorFactory.h">
      <Filter>Source Files\Actors</Filter>
    </ClInclude>
    <ClInclude Include="..\Engine\ObjectFactory.h">
      <Filter>Source Files</Filter>
    </ClInclude>
    <ClInclude Include="..\Engine\Actors\TransformComponent.h">
      <Filter>Source Files\Actors</Filter>
    </ClInclude>
    <ClInclude Include="..\Engine\UI\GameView.h">
      <Filter>Source Files\UI</Filter>
    </ClInclude>
    <ClInclude Include="..\Engine\UI\ScreenElement.h">
      <Filter>Source Files\UI</Filter>
    </ClInclude>
    <ClInclude Include="..\Engine\Threading\Mutex.h">
      <Filter>Source Files\Threading</Filter>
    </ClInclude>
    <ClInclude Include="..\Engine\Clock.h">
      <Filter>Source Files</Filter>
    </ClInclude>
    <ClInclude Include="..\Engine\Actors\RenderComponent.h">
      <Filter>Source Files\Actors</Filter>
    </ClInclude>
    <ClInclude Include="..\Engine\EventManager\EventManager.h">
      <Filter>Source Files\EventManager</Filter>
    </ClInclude>
    <ClInclude Include="..\Engine\EventManager\Event.h">
      <Filter>Source Files\EventManager</Filter>
    </ClInclude>
    <ClInclude Include="..\Engine\Rendering\Shader.h">
      <Filter>Source Files\Rendering</Filter>
    </ClInclude>
    <ClInclude Include="..\Engine\ResourceManager\ShaderResource.h">
      <Filter>Source Files\ResourceManager</Filter>
    </ClInclude>
    <ClInclude Include="..\Engine\Rendering\ShaderManager.h">
      <Filter>Source Files\Rendering</Filter>
    </ClInclude>
    <ClInclude Include="..\Engine\EngineConfig.h">
      <Filter>Source Files</Filter>
    </ClInclude>
    <ClInclude Include="..\Engine\Rendering\Camera.h">
      <Filter>Source Files\Rendering</Filter>
    </ClInclude>
  </ItemGroup>
  <ItemGroup>
    <ClCompile Include="..\Engine\StringUtilities.cpp">
      <Filter>Source Files</Filter>
    </ClCompile>
    <ClCompile Include="..\Engine\Logger.cpp">
      <Filter>Source Files</Filter>
    </ClCompile>
    <ClCompile Include="..\Engine\TamagotchiEngine.cpp">
      <Filter>Source Files</Filter>
    </ClCompile>
    <ClCompile Include="..\Engine\GameLogic.cpp">
      <Filter>Source Files</Filter>
    </ClCompile>
    <ClCompile Include="..\Engine\ResourceManager\Filesystem.cpp">
      <Filter>Source Files\ResourceManager</Filter>
    </ClCompile>
    <ClCompile Include="..\Engine\ResourceManager\ResourceManager.cpp">
      <Filter>Source Files\ResourceManager</Filter>
    </ClCompile>
    <ClCompile Include="..\Engine\ResourceManager\TextureResource.cpp">
      <Filter>Source Files\ResourceManager</Filter>
    </ClCompile>
    <ClCompile Include="..\Engine\ResourceManager\XMLResource.cpp">
      <Filter>Source Files\ResourceManager</Filter>
    </ClCompile>
    <ClCompile Include="..\Engine\ResourceManager\ZipFile.cpp">
      <Filter>Source Files\ResourceManager</Filter>
    </ClCompile>
    <ClCompile Include="..\Engine\Rendering\Renderer.cpp">
      <Filter>Source Files\Rendering</Filter>
    </ClCompile>
    <ClCompile Include="..\Engine\Rendering\Scene.cpp">
      <Filter>Source Files\Rendering</Filter>
    </ClCompile>
    <ClCompile Include="..\Engine\Rendering\SceneNode.cpp">
      <Filter>Source Files\Rendering</Filter>
    </ClCompile>
    <ClCompile Include="..\Engine\Actors\Actor.cpp">
      <Filter>Source Files\Actors</Filter>
    </ClCompile>
    <ClCompile Include="..\Engine\Actors\ActorFactory.cpp">
      <Filter>Source Files\Actors</Filter>
    </ClCompile>
    <ClCompile Include="..\Engine\Actors\TransformComponent.cpp">
      <Filter>Source Files\Actors</Filter>
    </ClCompile>
    <ClCompile Include="..\Engine\UI\GameView.cpp">
      <Filter>Source Files\UI</Filter>
    </ClCompile>
    <ClCompile Include="..\Engine\UI\ScreenElement.cpp">
      <Filter>Source Files\UI</Filter>
    </ClCompile>
    <ClCompile Include="..\Engine\Threading\Mutex.cpp">
      <Filter>Source Files\Threading</Filter>
    </ClCompile>
    <ClCompile Include="..\Engine\Clock.cpp">
      <Filter>Source Files</Filter>
    </ClCompile>
    <ClCompile Include="..\Engine\Actors\RenderComponent.cpp">
      <Filter>Source Files\Actors</Filter>
    </ClCompile>
    <ClCompile Include="..\Engine\EventManager\EventManager.cpp">
      <Filter>Source Files\EventManager</Filter>
    </ClCompile>
    <ClCompile Include="..\Engine\EventManager\Event.cpp">
      <Filter>Source Files\EventManager</Filter>
    </ClCompile>
    <ClCompile Include="..\Engine\Rendering\Shader.cpp">
      <Filter>Source Files\Rendering</Filter>
    </ClCompile>
    <ClCompile Include="..\Engine\ResourceManager\ShaderResource.cpp">
      <Filter>Source Files\ResourceManager</Filter>
    </ClCompile>
    <ClCompile Include="..\Engine\Rendering\ShaderManager.cpp">
      <Filter>Source Files\Rendering</Filter>
    </ClCompile>
    <ClCompile Include="..\Engine\EngineConfig.cpp">
      <Filter>Source Files</Filter>
    </ClCompile>
    <ClCompile Include="..\Engine\Rendering\Camera.cpp">
      <Filter>Source Files\Rendering</Filter>
    </ClCompile>
  </ItemGroup>
</Project>