<?xml version="1.0" encoding="utf-8"?>
<Project ToolsVersion="4.0" xmlns="http://schemas.microsoft.com/developer/msbuild/2003">
  <ItemGroup>
    <Filter Include="Source Files">
      <UniqueIdentifier>{4FC737F1-C7A5-4376-A066-2A32D752A2FF}</UniqueIdentifier>
      <Extensions>cpp;c;cc;cxx;def;odl;idl;hpj;bat;asm;asmx</Extensions>
    </Filter>
    <Filter Include="Resource Files">
      <UniqueIdentifier>{67DA6AB6-F800-4c08-8B7A-83BB121AAD01}</UniqueIdentifier>
      <Extensions>rc;ico;cur;bmp;dlg;rc2;rct;bin;rgs;gif;jpg;jpeg;jpe;resx;tiff;tif;png;wav;mfcribbon-ms</Extensions>
    </Filter>
    <Filter Include="Source Files\ResourceMgr">
      <UniqueIdentifier>{f25b2e21-6a4e-4184-8116-876816af3df4}</UniqueIdentifier>
    </Filter>
  </ItemGroup>
  <ItemGroup>
    <ClInclude Include="..\Engine\StringUtilities.h">
      <Filter>Source Files</Filter>
    </ClInclude>
    <ClInclude Include="..\Engine\Logger.h">
      <Filter>Source Files</Filter>
    </ClInclude>
    <ClInclude Include="..\Engine\ResourceMgr\XMLResource.h">
      <Filter>Source Files\ResourceMgr</Filter>
    </ClInclude>
    <ClInclude Include="..\Engine\Renderer.h">
      <Filter>Source Files</Filter>
    </ClInclude>
    <ClInclude Include="..\Engine\TamagotchiEngine.h">
      <Filter>Source Files</Filter>
    </ClInclude>
    <ClInclude Include="..\Engine\ResourceMgr\ZipFile.h">
      <Filter>Source Files\ResourceMgr</Filter>
    </ClInclude>
    <ClInclude Include="..\Engine\ResourceMgr\Filesystem.h">
      <Filter>Source Files\ResourceMgr</Filter>
    </ClInclude>
    <ClInclude Include="..\Engine\defines.h">
      <Filter>Source Files</Filter>
    </ClInclude>
    <ClInclude Include="..\Engine\GLES.h">
      <Filter>Source Files</Filter>
    </ClInclude>
    <ClInclude Include="..\Engine\ResourceMgr\TextureResource.h">
      <Filter>Source Files\ResourceMgr</Filter>
    </ClInclude>
    <ClInclude Include="..\Engine\ResourceMgr\ResourceManager.h">
      <Filter>Source Files\ResourceMgr</Filter>
    </ClInclude>
  </ItemGroup>
  <ItemGroup>
    <ClCompile Include="..\Engine\StringUtilities.cpp">
      <Filter>Source Files</Filter>
    </ClCompile>
    <ClCompile Include="..\Engine\Logger.cpp">
      <Filter>Source Files</Filter>
    </ClCompile>
    <ClCompile Include="..\Engine\ResourceMgr\XMLResource.cpp">
      <Filter>Source Files\ResourceMgr</Filter>
    </ClCompile>
    <ClCompile Include="..\Engine\Renderer.cpp">
      <Filter>Source Files</Filter>
    </ClCompile>
    <ClCompile Include="..\Engine\TamagotchiEngine.cpp">
      <Filter>Source Files</Filter>
    </ClCompile>
    <ClCompile Include="..\Engine\ResourceMgr\ZipFile.cpp">
      <Filter>Source Files\ResourceMgr</Filter>
    </ClCompile>
    <ClCompile Include="..\Engine\ResourceMgr\TextureResource.cpp">
      <Filter>Source Files\ResourceMgr</Filter>
    </ClCompile>
    <ClCompile Include="..\Engine\ResourceMgr\Filesystem.cpp">
      <Filter>Source Files\ResourceMgr</Filter>
    </ClCompile>
    <ClCompile Include="..\Engine\ResourceMgr\ResourceManager.cpp">
      <Filter>Source Files\ResourceMgr</Filter>
    </ClCompile>
  </ItemGroup>
</Project>