// !$*UTF8*$!
{
	archiveVersion = 1;
	classes = {
	};
	objectVersion = 46;
	objects = {

/* Begin PBXBuildFile section */
		705FB98717678001003924B8 /* OpenGLES.framework in Frameworks */ = {isa = PBXBuildFile; fileRef = 705FB98617678001003924B8 /* OpenGLES.framework */; };
		7060803C1772A42E00D0D419 /* libpng16.a in Frameworks */ = {isa = PBXBuildFile; fileRef = 706080391772A42E00D0D419 /* libpng16.a */; };
		70C313B3177227D7000A6253 /* Actor.cpp in Sources */ = {isa = PBXBuildFile; fileRef = 70C3138B177227D7000A6253 /* Actor.cpp */; };
		70C313B4177227D7000A6253 /* ActorFactory.cpp in Sources */ = {isa = PBXBuildFile; fileRef = 70C3138E177227D7000A6253 /* ActorFactory.cpp */; };
		70C313B5177227D7000A6253 /* TransformComponent.cpp in Sources */ = {isa = PBXBuildFile; fileRef = 70C31390177227D7000A6253 /* TransformComponent.cpp */; };
		70C313B6177227D7000A6253 /* GameLogic.cpp in Sources */ = {isa = PBXBuildFile; fileRef = 70C31395177227D7000A6253 /* GameLogic.cpp */; };
		70C313B8177227D7000A6253 /* Logger.cpp in Sources */ = {isa = PBXBuildFile; fileRef = 70C31399177227D7000A6253 /* Logger.cpp */; };
		70C313B9177227D7000A6253 /* Renderer.cpp in Sources */ = {isa = PBXBuildFile; fileRef = 70C3139E177227D7000A6253 /* Renderer.cpp */; };
		70C313BA177227D7000A6253 /* Scene.cpp in Sources */ = {isa = PBXBuildFile; fileRef = 70C313A0177227D7000A6253 /* Scene.cpp */; };
		70C313BB177227D7000A6253 /* SceneNode.cpp in Sources */ = {isa = PBXBuildFile; fileRef = 70C313A2177227D7000A6253 /* SceneNode.cpp */; };
		70C313BC177227D7000A6253 /* Filesystem.cpp in Sources */ = {isa = PBXBuildFile; fileRef = 70C313A5177227D7000A6253 /* Filesystem.cpp */; };
		70C313BD177227D7000A6253 /* ResourceManager.cpp in Sources */ = {isa = PBXBuildFile; fileRef = 70C313A7177227D7000A6253 /* ResourceManager.cpp */; };
		70C313BE177227D7000A6253 /* TextureResource.cpp in Sources */ = {isa = PBXBuildFile; fileRef = 70C313A9177227D7000A6253 /* TextureResource.cpp */; };
		70C313BF177227D7000A6253 /* XMLResource.cpp in Sources */ = {isa = PBXBuildFile; fileRef = 70C313AB177227D7000A6253 /* XMLResource.cpp */; };
		70C313C0177227D7000A6253 /* ZipFile.cpp in Sources */ = {isa = PBXBuildFile; fileRef = 70C313AD177227D7000A6253 /* ZipFile.cpp */; };
		70C313C1177227D7000A6253 /* StringUtilities.cpp in Sources */ = {isa = PBXBuildFile; fileRef = 70C313AF177227D7000A6253 /* StringUtilities.cpp */; };
		70C313C2177227D7000A6253 /* TamagotchiEngine.cpp in Sources */ = {isa = PBXBuildFile; fileRef = 70C313B1177227D7000A6253 /* TamagotchiEngine.cpp */; };
		70DA97BB176A520200DFD277 /* CoreFoundation.framework in Frameworks */ = {isa = PBXBuildFile; fileRef = 70DA97BA176A520200DFD277 /* CoreFoundation.framework */; };
		70F121C0177A00E000FE7142 /* GameView.cpp in Sources */ = {isa = PBXBuildFile; fileRef = 70F121BC177A00E000FE7142 /* GameView.cpp */; };
		70F121C1177A00E000FE7142 /* ScreenElement.cpp in Sources */ = {isa = PBXBuildFile; fileRef = 70F121BE177A00E000FE7142 /* ScreenElement.cpp */; };
		70F121C4177A010000FE7142 /* RenderComponent.cpp in Sources */ = {isa = PBXBuildFile; fileRef = 70F121C2177A010000FE7142 /* RenderComponent.cpp */; };
		70F121C8177A013900FE7142 /* Mutex.cpp in Sources */ = {isa = PBXBuildFile; fileRef = 70F121C6177A013900FE7142 /* Mutex.cpp */; };
		70F121CE177A015100FE7142 /* Event.cpp in Sources */ = {isa = PBXBuildFile; fileRef = 70F121CA177A015100FE7142 /* Event.cpp */; };
		70F121CF177A015100FE7142 /* EventManager.cpp in Sources */ = {isa = PBXBuildFile; fileRef = 70F121CC177A015100FE7142 /* EventManager.cpp */; };
		70F121D2177A017700FE7142 /* Clock.cpp in Sources */ = {isa = PBXBuildFile; fileRef = 70F121D0177A017700FE7142 /* Clock.cpp */; };
/* End PBXBuildFile section */

/* Begin PBXCopyFilesBuildPhase section */
		705FB96917677F20003924B8 /* CopyFiles */ = {
			isa = PBXCopyFilesBuildPhase;
			buildActionMask = 2147483647;
			dstPath = "include/${PRODUCT_NAME}";
			dstSubfolderSpec = 16;
			files = (
			);
			runOnlyForDeploymentPostprocessing = 0;
		};
/* End PBXCopyFilesBuildPhase section */

/* Begin PBXFileReference section */
		705FB96B17677F20003924B8 /* libTamagotchiEngine.a */ = {isa = PBXFileReference; explicitFileType = archive.ar; includeInIndex = 0; path = libTamagotchiEngine.a; sourceTree = BUILT_PRODUCTS_DIR; };
		705FB98617678001003924B8 /* OpenGLES.framework */ = {isa = PBXFileReference; lastKnownFileType = wrapper.framework; name = OpenGLES.framework; path = System/Library/Frameworks/OpenGLES.framework; sourceTree = SDKROOT; };
		706080391772A42E00D0D419 /* libpng16.a */ = {isa = PBXFileReference; lastKnownFileType = archive.ar; name = libpng16.a; path = "../../../3rdParty/libpng-1.6.2/libpng16.a"; sourceTree = "<group>"; };
		7060803A1772A42E00D0D419 /* libtinyxml2.a */ = {isa = PBXFileReference; lastKnownFileType = archive.ar; name = libtinyxml2.a; path = ../../../3rdParty/tinyxml2/libtinyxml2.a; sourceTree = "<group>"; };
		7060803B1772A42E00D0D419 /* libz.a */ = {isa = PBXFileReference; lastKnownFileType = archive.ar; name = libz.a; path = ../../../3rdParty/zlib/libz.a; sourceTree = "<group>"; };
		70C3138B177227D7000A6253 /* Actor.cpp */ = {isa = PBXFileReference; fileEncoding = 4; lastKnownFileType = sourcecode.cpp.cpp; path = Actor.cpp; sourceTree = "<group>"; };
		70C3138C177227D7000A6253 /* Actor.h */ = {isa = PBXFileReference; fileEncoding = 4; lastKnownFileType = sourcecode.c.h; path = Actor.h; sourceTree = "<group>"; };
		70C3138D177227D7000A6253 /* ActorComponent.h */ = {isa = PBXFileReference; fileEncoding = 4; lastKnownFileType = sourcecode.c.h; path = ActorComponent.h; sourceTree = "<group>"; };
		70C3138E177227D7000A6253 /* ActorFactory.cpp */ = {isa = PBXFileReference; fileEncoding = 4; lastKnownFileType = sourcecode.cpp.cpp; path = ActorFactory.cpp; sourceTree = "<group>"; };
		70C3138F177227D7000A6253 /* ActorFactory.h */ = {isa = PBXFileReference; fileEncoding = 4; lastKnownFileType = sourcecode.c.h; path = ActorFactory.h; sourceTree = "<group>"; };
		70C31390177227D7000A6253 /* TransformComponent.cpp */ = {isa = PBXFileReference; fileEncoding = 4; lastKnownFileType = sourcecode.cpp.cpp; path = TransformComponent.cpp; sourceTree = "<group>"; };
		70C31391177227D7000A6253 /* TransformComponent.h */ = {isa = PBXFileReference; fileEncoding = 4; lastKnownFileType = sourcecode.c.h; path = TransformComponent.h; sourceTree = "<group>"; };
		70C31392177227D7000A6253 /* defines.h */ = {isa = PBXFileReference; fileEncoding = 4; lastKnownFileType = sourcecode.c.h; path = defines.h; sourceTree = "<group>"; };
		70C31394177227D7000A6253 /* en */ = {isa = PBXFileReference; lastKnownFileType = sourcecode.c.h; name = en; path = en.lproj/EngineMain.h; sourceTree = "<group>"; };
		70C31395177227D7000A6253 /* GameLogic.cpp */ = {isa = PBXFileReference; fileEncoding = 4; lastKnownFileType = sourcecode.cpp.cpp; path = GameLogic.cpp; sourceTree = "<group>"; };
		70C31396177227D7000A6253 /* GameLogic.h */ = {isa = PBXFileReference; fileEncoding = 4; lastKnownFileType = sourcecode.c.h; path = GameLogic.h; sourceTree = "<group>"; };
		70C31399177227D7000A6253 /* Logger.cpp */ = {isa = PBXFileReference; fileEncoding = 4; lastKnownFileType = sourcecode.cpp.cpp; path = Logger.cpp; sourceTree = "<group>"; };
		70C3139A177227D7000A6253 /* Logger.h */ = {isa = PBXFileReference; fileEncoding = 4; lastKnownFileType = sourcecode.c.h; path = Logger.h; sourceTree = "<group>"; };
		70C3139B177227D7000A6253 /* ObjectFactory.h */ = {isa = PBXFileReference; fileEncoding = 4; lastKnownFileType = sourcecode.c.h; path = ObjectFactory.h; sourceTree = "<group>"; };
		70C3139D177227D7000A6253 /* GLES.h */ = {isa = PBXFileReference; fileEncoding = 4; lastKnownFileType = sourcecode.c.h; path = GLES.h; sourceTree = "<group>"; };
		70C3139E177227D7000A6253 /* Renderer.cpp */ = {isa = PBXFileReference; fileEncoding = 4; lastKnownFileType = sourcecode.cpp.cpp; path = Renderer.cpp; sourceTree = "<group>"; };
		70C3139F177227D7000A6253 /* Renderer.h */ = {isa = PBXFileReference; fileEncoding = 4; lastKnownFileType = sourcecode.c.h; path = Renderer.h; sourceTree = "<group>"; };
		70C313A0177227D7000A6253 /* Scene.cpp */ = {isa = PBXFileReference; fileEncoding = 4; lastKnownFileType = sourcecode.cpp.cpp; path = Scene.cpp; sourceTree = "<group>"; };
		70C313A1177227D7000A6253 /* Scene.h */ = {isa = PBXFileReference; fileEncoding = 4; lastKnownFileType = sourcecode.c.h; path = Scene.h; sourceTree = "<group>"; };
		70C313A2177227D7000A6253 /* SceneNode.cpp */ = {isa = PBXFileReference; fileEncoding = 4; lastKnownFileType = sourcecode.cpp.cpp; path = SceneNode.cpp; sourceTree = "<group>"; };
		70C313A3177227D7000A6253 /* SceneNode.h */ = {isa = PBXFileReference; fileEncoding = 4; lastKnownFileType = sourcecode.c.h; path = SceneNode.h; sourceTree = "<group>"; };
		70C313A5177227D7000A6253 /* Filesystem.cpp */ = {isa = PBXFileReference; fileEncoding = 4; lastKnownFileType = sourcecode.cpp.cpp; path = Filesystem.cpp; sourceTree = "<group>"; };
		70C313A6177227D7000A6253 /* Filesystem.h */ = {isa = PBXFileReference; fileEncoding = 4; lastKnownFileType = sourcecode.c.h; path = Filesystem.h; sourceTree = "<group>"; };
		70C313A7177227D7000A6253 /* ResourceManager.cpp */ = {isa = PBXFileReference; fileEncoding = 4; lastKnownFileType = sourcecode.cpp.cpp; path = ResourceManager.cpp; sourceTree = "<group>"; };
		70C313A8177227D7000A6253 /* ResourceManager.h */ = {isa = PBXFileReference; fileEncoding = 4; lastKnownFileType = sourcecode.c.h; path = ResourceManager.h; sourceTree = "<group>"; };
		70C313A9177227D7000A6253 /* TextureResource.cpp */ = {isa = PBXFileReference; fileEncoding = 4; lastKnownFileType = sourcecode.cpp.cpp; path = TextureResource.cpp; sourceTree = "<group>"; };
		70C313AA177227D7000A6253 /* TextureResource.h */ = {isa = PBXFileReference; fileEncoding = 4; lastKnownFileType = sourcecode.c.h; path = TextureResource.h; sourceTree = "<group>"; };
		70C313AB177227D7000A6253 /* XMLResource.cpp */ = {isa = PBXFileReference; fileEncoding = 4; lastKnownFileType = sourcecode.cpp.cpp; path = XMLResource.cpp; sourceTree = "<group>"; };
		70C313AC177227D7000A6253 /* XMLResource.h */ = {isa = PBXFileReference; fileEncoding = 4; lastKnownFileType = sourcecode.c.h; path = XMLResource.h; sourceTree = "<group>"; };
		70C313AD177227D7000A6253 /* ZipFile.cpp */ = {isa = PBXFileReference; fileEncoding = 4; lastKnownFileType = sourcecode.cpp.cpp; path = ZipFile.cpp; sourceTree = "<group>"; };
		70C313AE177227D7000A6253 /* ZipFile.h */ = {isa = PBXFileReference; fileEncoding = 4; lastKnownFileType = sourcecode.c.h; path = ZipFile.h; sourceTree = "<group>"; };
		70C313AF177227D7000A6253 /* StringUtilities.cpp */ = {isa = PBXFileReference; fileEncoding = 4; lastKnownFileType = sourcecode.cpp.cpp; path = StringUtilities.cpp; sourceTree = "<group>"; };
		70C313B0177227D7000A6253 /* StringUtilities.h */ = {isa = PBXFileReference; fileEncoding = 4; lastKnownFileType = sourcecode.c.h; path = StringUtilities.h; sourceTree = "<group>"; };
		70C313B1177227D7000A6253 /* TamagotchiEngine.cpp */ = {isa = PBXFileReference; fileEncoding = 4; lastKnownFileType = sourcecode.cpp.cpp; path = TamagotchiEngine.cpp; sourceTree = "<group>"; };
		70C313B2177227D7000A6253 /* TamagotchiEngine.h */ = {isa = PBXFileReference; fileEncoding = 4; lastKnownFileType = sourcecode.c.h; path = TamagotchiEngine.h; sourceTree = "<group>"; };
		70DA97BA176A520200DFD277 /* CoreFoundation.framework */ = {isa = PBXFileReference; lastKnownFileType = wrapper.framework; name = CoreFoundation.framework; path = System/Library/Frameworks/CoreFoundation.framework; sourceTree = SDKROOT; };
		70F121BC177A00E000FE7142 /* GameView.cpp */ = {isa = PBXFileReference; fileEncoding = 4; lastKnownFileType = sourcecode.cpp.cpp; path = GameView.cpp; sourceTree = "<group>"; };
		70F121BD177A00E000FE7142 /* GameView.h */ = {isa = PBXFileReference; fileEncoding = 4; lastKnownFileType = sourcecode.c.h; path = GameView.h; sourceTree = "<group>"; };
		70F121BE177A00E000FE7142 /* ScreenElement.cpp */ = {isa = PBXFileReference; fileEncoding = 4; lastKnownFileType = sourcecode.cpp.cpp; path = ScreenElement.cpp; sourceTree = "<group>"; };
		70F121BF177A00E000FE7142 /* ScreenElement.h */ = {isa = PBXFileReference; fileEncoding = 4; lastKnownFileType = sourcecode.c.h; path = ScreenElement.h; sourceTree = "<group>"; };
		70F121C2177A010000FE7142 /* RenderComponent.cpp */ = {isa = PBXFileReference; fileEncoding = 4; lastKnownFileType = sourcecode.cpp.cpp; path = RenderComponent.cpp; sourceTree = "<group>"; };
		70F121C3177A010000FE7142 /* RenderComponent.h */ = {isa = PBXFileReference; fileEncoding = 4; lastKnownFileType = sourcecode.c.h; path = RenderComponent.h; sourceTree = "<group>"; };
		70F121C6177A013900FE7142 /* Mutex.cpp */ = {isa = PBXFileReference; fileEncoding = 4; lastKnownFileType = sourcecode.cpp.cpp; path = Mutex.cpp; sourceTree = "<group>"; };
		70F121C7177A013900FE7142 /* Mutex.h */ = {isa = PBXFileReference; fileEncoding = 4; lastKnownFileType = sourcecode.c.h; path = Mutex.h; sourceTree = "<group>"; };
		70F121CA177A015100FE7142 /* Event.cpp */ = {isa = PBXFileReference; fileEncoding = 4; lastKnownFileType = sourcecode.cpp.cpp; path = Event.cpp; sourceTree = "<group>"; };
		70F121CB177A015100FE7142 /* Event.h */ = {isa = PBXFileReference; fileEncoding = 4; lastKnownFileType = sourcecode.c.h; path = Event.h; sourceTree = "<group>"; };
		70F121CC177A015100FE7142 /* EventManager.cpp */ = {isa = PBXFileReference; fileEncoding = 4; lastKnownFileType = sourcecode.cpp.cpp; path = EventManager.cpp; sourceTree = "<group>"; };
		70F121CD177A015100FE7142 /* EventManager.h */ = {isa = PBXFileReference; fileEncoding = 4; lastKnownFileType = sourcecode.c.h; path = EventManager.h; sourceTree = "<group>"; };
		70F121D0177A017700FE7142 /* Clock.cpp */ = {isa = PBXFileReference; fileEncoding = 4; lastKnownFileType = sourcecode.cpp.cpp; path = Clock.cpp; sourceTree = "<group>"; };
		70F121D1177A017700FE7142 /* Clock.h */ = {isa = PBXFileReference; fileEncoding = 4; lastKnownFileType = sourcecode.c.h; path = Clock.h; sourceTree = "<group>"; };
/* End PBXFileReference section */

/* Begin PBXFrameworksBuildPhase section */
		705FB96817677F20003924B8 /* Frameworks */ = {
			isa = PBXFrameworksBuildPhase;
			buildActionMask = 2147483647;
			files = (
				70DA97BB176A520200DFD277 /* CoreFoundation.framework in Frameworks */,
				705FB98717678001003924B8 /* OpenGLES.framework in Frameworks */,
				7060803C1772A42E00D0D419 /* libpng16.a in Frameworks */,
			);
			runOnlyForDeploymentPostprocessing = 0;
		};
/* End PBXFrameworksBuildPhase section */

/* Begin PBXGroup section */
		705FB96217677F20003924B8 = {
			isa = PBXGroup;
			children = (
				70C31389177227D7000A6253 /* Engine */,
				705FB98817678010003924B8 /* Frameworks */,
				705FB96C17677F20003924B8 /* Products */,
			);
			sourceTree = "<group>";
		};
		705FB96C17677F20003924B8 /* Products */ = {
			isa = PBXGroup;
			children = (
				705FB96B17677F20003924B8 /* libTamagotchiEngine.a */,
			);
			name = Products;
			sourceTree = "<group>";
		};
		705FB98817678010003924B8 /* Frameworks */ = {
			isa = PBXGroup;
			children = (
				706080391772A42E00D0D419 /* libpng16.a */,
				7060803A1772A42E00D0D419 /* libtinyxml2.a */,
				7060803B1772A42E00D0D419 /* libz.a */,
				70DA97BA176A520200DFD277 /* CoreFoundation.framework */,
				705FB98617678001003924B8 /* OpenGLES.framework */,
			);
			name = Frameworks;
			sourceTree = "<group>";
		};
		70C31389177227D7000A6253 /* Engine */ = {
			isa = PBXGroup;
			children = (
				70F121C9177A015100FE7142 /* EventManager */,
				70F121C5177A013900FE7142 /* Threading */,
				70F121BB177A00E000FE7142 /* UI */,
				70C3138A177227D7000A6253 /* Actors */,
				70C31392177227D7000A6253 /* defines.h */,
				70C31393177227D7000A6253 /* EngineMain.h */,
				70C31395177227D7000A6253 /* GameLogic.cpp */,
				70C31396177227D7000A6253 /* GameLogic.h */,
				70C31399177227D7000A6253 /* Logger.cpp */,
				70C3139A177227D7000A6253 /* Logger.h */,
				70C3139B177227D7000A6253 /* ObjectFactory.h */,
				70F121D0177A017700FE7142 /* Clock.cpp */,
				70F121D1177A017700FE7142 /* Clock.h */,
				70C3139C177227D7000A6253 /* Rendering */,
				70C313A4177227D7000A6253 /* ResourceManager */,
				70C313AF177227D7000A6253 /* StringUtilities.cpp */,
				70C313B0177227D7000A6253 /* StringUtilities.h */,
				70C313B1177227D7000A6253 /* TamagotchiEngine.cpp */,
				70C313B2177227D7000A6253 /* TamagotchiEngine.h */,
			);
			name = Engine;
			path = ../../Engine;
			sourceTree = "<group>";
		};
		70C3138A177227D7000A6253 /* Actors */ = {
			isa = PBXGroup;
			children = (
				70F121C2177A010000FE7142 /* RenderComponent.cpp */,
				70F121C3177A010000FE7142 /* RenderComponent.h */,
				70C3138B177227D7000A6253 /* Actor.cpp */,
				70C3138C177227D7000A6253 /* Actor.h */,
				70C3138D177227D7000A6253 /* ActorComponent.h */,
				70C3138E177227D7000A6253 /* ActorFactory.cpp */,
				70C3138F177227D7000A6253 /* ActorFactory.h */,
				70C31390177227D7000A6253 /* TransformComponent.cpp */,
				70C31391177227D7000A6253 /* TransformComponent.h */,
			);
			path = Actors;
			sourceTree = "<group>";
		};
		70C3139C177227D7000A6253 /* Rendering */ = {
			isa = PBXGroup;
			children = (
				70C3139D177227D7000A6253 /* GLES.h */,
				70C3139E177227D7000A6253 /* Renderer.cpp */,
				70C3139F177227D7000A6253 /* Renderer.h */,
				70C313A0177227D7000A6253 /* Scene.cpp */,
				70C313A1177227D7000A6253 /* Scene.h */,
				70C313A2177227D7000A6253 /* SceneNode.cpp */,
				70C313A3177227D7000A6253 /* SceneNode.h */,
			);
			path = Rendering;
			sourceTree = "<group>";
		};
		70C313A4177227D7000A6253 /* ResourceManager */ = {
			isa = PBXGroup;
			children = (
				70C313A5177227D7000A6253 /* Filesystem.cpp */,
				70C313A6177227D7000A6253 /* Filesystem.h */,
				70C313A7177227D7000A6253 /* ResourceManager.cpp */,
				70C313A8177227D7000A6253 /* ResourceManager.h */,
				70C313A9177227D7000A6253 /* TextureResource.cpp */,
				70C313AA177227D7000A6253 /* TextureResource.h */,
				70C313AB177227D7000A6253 /* XMLResource.cpp */,
				70C313AC177227D7000A6253 /* XMLResource.h */,
				70C313AD177227D7000A6253 /* ZipFile.cpp */,
				70C313AE177227D7000A6253 /* ZipFile.h */,
			);
			path = ResourceManager;
			sourceTree = "<group>";
		};
		70F121BB177A00E000FE7142 /* UI */ = {
			isa = PBXGroup;
			children = (
				70F121BC177A00E000FE7142 /* GameView.cpp */,
				70F121BD177A00E000FE7142 /* GameView.h */,
				70F121BE177A00E000FE7142 /* ScreenElement.cpp */,
				70F121BF177A00E000FE7142 /* ScreenElement.h */,
			);
			path = UI;
			sourceTree = "<group>";
		};
		70F121C5177A013900FE7142 /* Threading */ = {
			isa = PBXGroup;
			children = (
				70F121C6177A013900FE7142 /* Mutex.cpp */,
				70F121C7177A013900FE7142 /* Mutex.h */,
			);
			path = Threading;
			sourceTree = "<group>";
		};
		70F121C9177A015100FE7142 /* EventManager */ = {
			isa = PBXGroup;
			children = (
				70F121CA177A015100FE7142 /* Event.cpp */,
				70F121CB177A015100FE7142 /* Event.h */,
				70F121CC177A015100FE7142 /* EventManager.cpp */,
				70F121CD177A015100FE7142 /* EventManager.h */,
			);
			path = EventManager;
			sourceTree = "<group>";
		};
/* End PBXGroup section */

/* Begin PBXNativeTarget section */
		705FB96A17677F20003924B8 /* TamagotchiEngine */ = {
			isa = PBXNativeTarget;
			buildConfigurationList = 705FB97917677F20003924B8 /* Build configuration list for PBXNativeTarget "TamagotchiEngine" */;
			buildPhases = (
				705FB96717677F20003924B8 /* Sources */,
				705FB96817677F20003924B8 /* Frameworks */,
				705FB96917677F20003924B8 /* CopyFiles */,
			);
			buildRules = (
			);
			dependencies = (
			);
			name = TamagotchiEngine;
			productName = TamagotchiEngine;
			productReference = 705FB96B17677F20003924B8 /* libTamagotchiEngine.a */;
			productType = "com.apple.product-type.library.static";
		};
/* End PBXNativeTarget section */

/* Begin PBXProject section */
		705FB96317677F20003924B8 /* Project object */ = {
			isa = PBXProject;
			attributes = {
				LastUpgradeCheck = 0460;
				ORGANIZATIONNAME = Asido;
			};
			buildConfigurationList = 705FB96617677F20003924B8 /* Build configuration list for PBXProject "TamagotchiEngine" */;
			compatibilityVersion = "Xcode 3.2";
			developmentRegion = English;
			hasScannedForEncodings = 0;
			knownRegions = (
				en,
			);
			mainGroup = 705FB96217677F20003924B8;
			productRefGroup = 705FB96C17677F20003924B8 /* Products */;
			projectDirPath = "";
			projectRoot = "";
			targets = (
				705FB96A17677F20003924B8 /* TamagotchiEngine */,
			);
		};
/* End PBXProject section */

/* Begin PBXSourcesBuildPhase section */
		705FB96717677F20003924B8 /* Sources */ = {
			isa = PBXSourcesBuildPhase;
			buildActionMask = 2147483647;
			files = (
				70C313B3177227D7000A6253 /* Actor.cpp in Sources */,
				70C313B4177227D7000A6253 /* ActorFactory.cpp in Sources */,
				70C313B5177227D7000A6253 /* TransformComponent.cpp in Sources */,
				70C313B6177227D7000A6253 /* GameLogic.cpp in Sources */,
				70C313B8177227D7000A6253 /* Logger.cpp in Sources */,
				70C313B9177227D7000A6253 /* Renderer.cpp in Sources */,
				70C313BA177227D7000A6253 /* Scene.cpp in Sources */,
				70C313BB177227D7000A6253 /* SceneNode.cpp in Sources */,
				70C313BC177227D7000A6253 /* Filesystem.cpp in Sources */,
				70C313BD177227D7000A6253 /* ResourceManager.cpp in Sources */,
				70C313BE177227D7000A6253 /* TextureResource.cpp in Sources */,
				70C313BF177227D7000A6253 /* XMLResource.cpp in Sources */,
				70C313C0177227D7000A6253 /* ZipFile.cpp in Sources */,
				70C313C1177227D7000A6253 /* StringUtilities.cpp in Sources */,
				70C313C2177227D7000A6253 /* TamagotchiEngine.cpp in Sources */,
				70F121C0177A00E000FE7142 /* GameView.cpp in Sources */,
				70F121C1177A00E000FE7142 /* ScreenElement.cpp in Sources */,
				70F121C4177A010000FE7142 /* RenderComponent.cpp in Sources */,
				70F121C8177A013900FE7142 /* Mutex.cpp in Sources */,
				70F121CE177A015100FE7142 /* Event.cpp in Sources */,
				70F121CF177A015100FE7142 /* EventManager.cpp in Sources */,
				70F121D2177A017700FE7142 /* Clock.cpp in Sources */,
			);
			runOnlyForDeploymentPostprocessing = 0;
		};
/* End PBXSourcesBuildPhase section */

/* Begin PBXVariantGroup section */
		70C31393177227D7000A6253 /* EngineMain.h */ = {
			isa = PBXVariantGroup;
			children = (
				70C31394177227D7000A6253 /* en */,
			);
			name = EngineMain.h;
			sourceTree = "<group>";
		};
/* End PBXVariantGroup section */

/* Begin XCBuildConfiguration section */
		705FB97717677F20003924B8 /* Debug */ = {
			isa = XCBuildConfiguration;
			buildSettings = {
				ALWAYS_SEARCH_USER_PATHS = YES;
				CLANG_CXX_LANGUAGE_STANDARD = "gnu++0x";
				CLANG_CXX_LIBRARY = "libc++";
				CLANG_WARN_CONSTANT_CONVERSION = YES;
				CLANG_WARN_EMPTY_BODY = YES;
				CLANG_WARN_ENUM_CONVERSION = YES;
				CLANG_WARN_INT_CONVERSION = YES;
				CLANG_WARN__DUPLICATE_METHOD_MATCH = YES;
				COPY_PHASE_STRIP = NO;
				GCC_C_LANGUAGE_STANDARD = gnu99;
				GCC_DYNAMIC_NO_PIC = NO;
				GCC_OPTIMIZATION_LEVEL = 0;
				GCC_PREPROCESSOR_DEFINITIONS = (
					"DEBUG=1",
					"$(inherited)",
				);
				GCC_SYMBOLS_PRIVATE_EXTERN = NO;
				GCC_WARN_ABOUT_RETURN_TYPE = YES;
				GCC_WARN_UNINITIALIZED_AUTOS = YES;
				GCC_WARN_UNUSED_VARIABLE = YES;
				HEADER_SEARCH_PATHS = "";
				IPHONEOS_DEPLOYMENT_TARGET = 6.1;
				LIBRARY_SEARCH_PATHS = "";
				ONLY_ACTIVE_ARCH = YES;
				PRECOMPS_INCLUDE_HEADERS_FROM_BUILT_PRODUCTS_DIR = NO;
				SDKROOT = iphoneos;
				USER_HEADER_SEARCH_PATHS = "$(SRCROOT)/../../../3rdParty/eigen-3.1.3/include/ $(SRCROOT)/../../../3rdParty/tinyxml2/include/ $(SRCROOT)/../../../3rdParty/libpng-1.6.2/include/ $(SRCROOT)/../../Engine/";
			};
			name = Debug;
		};
		705FB97817677F20003924B8 /* Release */ = {
			isa = XCBuildConfiguration;
			buildSettings = {
				ALWAYS_SEARCH_USER_PATHS = YES;
				CLANG_CXX_LANGUAGE_STANDARD = "gnu++0x";
				CLANG_CXX_LIBRARY = "libc++";
				CLANG_WARN_CONSTANT_CONVERSION = YES;
				CLANG_WARN_EMPTY_BODY = YES;
				CLANG_WARN_ENUM_CONVERSION = YES;
				CLANG_WARN_INT_CONVERSION = YES;
				CLANG_WARN__DUPLICATE_METHOD_MATCH = YES;
				COPY_PHASE_STRIP = YES;
				GCC_C_LANGUAGE_STANDARD = gnu99;
				GCC_WARN_ABOUT_RETURN_TYPE = YES;
				GCC_WARN_UNINITIALIZED_AUTOS = YES;
				GCC_WARN_UNUSED_VARIABLE = YES;
				HEADER_SEARCH_PATHS = "";
				IPHONEOS_DEPLOYMENT_TARGET = 6.1;
				LIBRARY_SEARCH_PATHS = "";
				PRECOMPS_INCLUDE_HEADERS_FROM_BUILT_PRODUCTS_DIR = NO;
				SDKROOT = iphoneos;
				USER_HEADER_SEARCH_PATHS = "$(SRCROOT)/../../../3rdParty/eigen-3.1.3/include/ $(SRCROOT)/../../../3rdParty/tinyxml2/include/ $(SRCROOT)/../../../3rdParty/libpng-1.6.2/include/ $(SRCROOT)/../../Engine/";
				VALIDATE_PRODUCT = YES;
			};
			name = Release;
		};
		705FB97A17677F20003924B8 /* Debug */ = {
			isa = XCBuildConfiguration;
			buildSettings = {
				DSTROOT = /tmp/TamagotchiEngine.dst;
				GCC_PRECOMPILE_PREFIX_HEADER = NO;
				GCC_PREFIX_HEADER = "";
				HEADER_SEARCH_PATHS = "";
				LIBRARY_SEARCH_PATHS = (
					"$(inherited)",
					"\"$(SRCROOT)/../../../3rdParty/libpng-1.6.2\"",
					"\"$(SRCROOT)/../../../3rdParty/tinyxml2\"",
					"\"$(SRCROOT)/../../../3rdParty/zlib\"",
				);
				OTHER_LDFLAGS = (
					"-ObjC",
					"-lz",
					"-ltinyxml2",
				);
				PRECOMPS_INCLUDE_HEADERS_FROM_BUILT_PRODUCTS_DIR = NO;
				PRODUCT_NAME = "$(TARGET_NAME)";
				SKIP_INSTALL = YES;
				USER_HEADER_SEARCH_PATHS = "$(SRCROOT)/../../../3rdParty/eigen-3.1.3/include/ $(SRCROOT)/../../../3rdParty/tinyxml2/include/ $(SRCROOT)/../../../3rdParty/libpng-1.6.2/include/ $(SRCROOT)/../../Engine/ $(SRCROOT)/../../../3rdParty/FastDelegate/include/";
			};
			name = Debug;
		};
		705FB97B17677F20003924B8 /* Release */ = {
			isa = XCBuildConfiguration;
			buildSettings = {
				DSTROOT = /tmp/TamagotchiEngine.dst;
				GCC_PRECOMPILE_PREFIX_HEADER = NO;
				GCC_PREFIX_HEADER = "";
				HEADER_SEARCH_PATHS = "";
				LIBRARY_SEARCH_PATHS = (
					"$(inherited)",
					"\"$(SRCROOT)/../../../3rdParty/libpng-1.6.2\"",
					"\"$(SRCROOT)/../../../3rdParty/tinyxml2\"",
					"\"$(SRCROOT)/../../../3rdParty/zlib\"",
				);
				OTHER_LDFLAGS = (
					"-ObjC",
					"-lz",
					"-ltinyxml2",
				);
				PRECOMPS_INCLUDE_HEADERS_FROM_BUILT_PRODUCTS_DIR = NO;
				PRODUCT_NAME = "$(TARGET_NAME)";
				SKIP_INSTALL = YES;
				USER_HEADER_SEARCH_PATHS = "$(SRCROOT)/../../../3rdParty/eigen-3.1.3/include/ $(SRCROOT)/../../../3rdParty/tinyxml2/include/ $(SRCROOT)/../../../3rdParty/libpng-1.6.2/include/ $(SRCROOT)/../../Engine/ $(SRCROOT)/../../../3rdParty/FastDelegate/include/";
			};
			name = Release;
		};
/* End XCBuildConfiguration section */

/* Begin XCConfigurationList section */
		705FB96617677F20003924B8 /* Build configuration list for PBXProject "TamagotchiEngine" */ = {
			isa = XCConfigurationList;
			buildConfigurations = (
				705FB97717677F20003924B8 /* Debug */,
				705FB97817677F20003924B8 /* Release */,
			);
			defaultConfigurationIsVisible = 0;
			defaultConfigurationName = Release;
		};
		705FB97917677F20003924B8 /* Build configuration list for PBXNativeTarget "TamagotchiEngine" */ = {
			isa = XCConfigurationList;
			buildConfigurations = (
				705FB97A17677F20003924B8 /* Debug */,
				705FB97B17677F20003924B8 /* Release */,
			);
			defaultConfigurationIsVisible = 0;
			defaultConfigurationName = Release;
		};
/* End XCConfigurationList section */
	};
	rootObject = 705FB96317677F20003924B8 /* Project object */;
}
