// !$*UTF8*$!
{
	archiveVersion = 1;
	classes = {
	};
	objectVersion = 46;
	objects = {

/* Begin PBXBuildFile section */
		700FC3AC1769F7BA00D3DF9A /* ResourceMgr.cpp in Sources */ = {isa = PBXBuildFile; fileRef = 700FC39C1769F79B00D3DF9A /* ResourceMgr.cpp */; };
		700FC3AD1769F7BA00D3DF9A /* XMLResource.cpp in Sources */ = {isa = PBXBuildFile; fileRef = 700FC39E1769F79B00D3DF9A /* XMLResource.cpp */; };
		700FC3AE1769F7BA00D3DF9A /* ZipFile.cpp in Sources */ = {isa = PBXBuildFile; fileRef = 700FC3A01769F79B00D3DF9A /* ZipFile.cpp */; };
		700FC3AF1769F7BA00D3DF9A /* Logger.cpp in Sources */ = {isa = PBXBuildFile; fileRef = 700FC3A41769F79B00D3DF9A /* Logger.cpp */; };
		700FC3B01769F7BA00D3DF9A /* Renderer.cpp in Sources */ = {isa = PBXBuildFile; fileRef = 700FC3A61769F79B00D3DF9A /* Renderer.cpp */; };
		700FC3B11769F7BA00D3DF9A /* StringUtilities.cpp in Sources */ = {isa = PBXBuildFile; fileRef = 700FC3A81769F79B00D3DF9A /* StringUtilities.cpp */; };
		700FC3B21769F7BA00D3DF9A /* TamagotchiEngine.cpp in Sources */ = {isa = PBXBuildFile; fileRef = 700FC3AA1769F79B00D3DF9A /* TamagotchiEngine.cpp */; };
		705FB98717678001003924B8 /* OpenGLES.framework in Frameworks */ = {isa = PBXBuildFile; fileRef = 705FB98617678001003924B8 /* OpenGLES.framework */; };
		70DA97BB176A520200DFD277 /* CoreFoundation.framework in Frameworks */ = {isa = PBXBuildFile; fileRef = 70DA97BA176A520200DFD277 /* CoreFoundation.framework */; };
		70DA97C4176A5E1000DFD277 /* Filesystem.cpp in Sources */ = {isa = PBXBuildFile; fileRef = 70DA97C1176A5DD100DFD277 /* Filesystem.cpp */; };
/* End PBXBuildFile section */

/* Begin PBXCopyFilesBuildPhase section */
		705FB96917677F20003924B8 /* CopyFiles */ = {
			isa = PBXCopyFilesBuildPhase;
			buildActionMask = 2147483647;
			dstPath = "include/${PRODUCT_NAME}";
			dstSubfolderSpec = 16;
			files = (
			);
			runOnlyForDeploymentPostprocessing = 0;
		};
/* End PBXCopyFilesBuildPhase section */

/* Begin PBXFileReference section */
		700FC39C1769F79B00D3DF9A /* ResourceMgr.cpp */ = {isa = PBXFileReference; lastKnownFileType = sourcecode.cpp.cpp; path = ResourceMgr.cpp; sourceTree = "<group>"; };
		700FC39D1769F79B00D3DF9A /* ResourceMgr.h */ = {isa = PBXFileReference; lastKnownFileType = sourcecode.c.h; path = ResourceMgr.h; sourceTree = "<group>"; };
		700FC39E1769F79B00D3DF9A /* XMLResource.cpp */ = {isa = PBXFileReference; lastKnownFileType = sourcecode.cpp.cpp; path = XMLResource.cpp; sourceTree = "<group>"; };
		700FC39F1769F79B00D3DF9A /* XMLResource.h */ = {isa = PBXFileReference; lastKnownFileType = sourcecode.c.h; path = XMLResource.h; sourceTree = "<group>"; };
		700FC3A01769F79B00D3DF9A /* ZipFile.cpp */ = {isa = PBXFileReference; lastKnownFileType = sourcecode.cpp.cpp; path = ZipFile.cpp; sourceTree = "<group>"; };
		700FC3A11769F79B00D3DF9A /* ZipFile.h */ = {isa = PBXFileReference; lastKnownFileType = sourcecode.c.h; path = ZipFile.h; sourceTree = "<group>"; };
		700FC3A21769F79B00D3DF9A /* common.h */ = {isa = PBXFileReference; lastKnownFileType = sourcecode.c.h; name = common.h; path = ../../../Engine/common.h; sourceTree = "<group>"; };
		700FC3A31769F79B00D3DF9A /* EngineStd.cpp */ = {isa = PBXFileReference; lastKnownFileType = sourcecode.cpp.cpp; name = EngineStd.cpp; path = ../../../Engine/EngineStd.cpp; sourceTree = "<group>"; };
		700FC3A41769F79B00D3DF9A /* Logger.cpp */ = {isa = PBXFileReference; lastKnownFileType = sourcecode.cpp.cpp; name = Logger.cpp; path = ../../../Engine/Logger.cpp; sourceTree = "<group>"; };
		700FC3A51769F79B00D3DF9A /* Logger.h */ = {isa = PBXFileReference; lastKnownFileType = sourcecode.c.h; name = Logger.h; path = ../../../Engine/Logger.h; sourceTree = "<group>"; };
		700FC3A61769F79B00D3DF9A /* Renderer.cpp */ = {isa = PBXFileReference; lastKnownFileType = sourcecode.cpp.cpp; name = Renderer.cpp; path = ../../../Engine/Renderer.cpp; sourceTree = "<group>"; };
		700FC3A71769F79B00D3DF9A /* Renderer.h */ = {isa = PBXFileReference; lastKnownFileType = sourcecode.c.h; name = Renderer.h; path = ../../../Engine/Renderer.h; sourceTree = "<group>"; };
		700FC3A81769F79B00D3DF9A /* StringUtilities.cpp */ = {isa = PBXFileReference; lastKnownFileType = sourcecode.cpp.cpp; name = StringUtilities.cpp; path = ../../../Engine/StringUtilities.cpp; sourceTree = "<group>"; };
		700FC3A91769F79B00D3DF9A /* StringUtilities.h */ = {isa = PBXFileReference; lastKnownFileType = sourcecode.c.h; name = StringUtilities.h; path = ../../../Engine/StringUtilities.h; sourceTree = "<group>"; };
		700FC3AA1769F79B00D3DF9A /* TamagotchiEngine.cpp */ = {isa = PBXFileReference; lastKnownFileType = sourcecode.cpp.cpp; name = TamagotchiEngine.cpp; path = ../../../Engine/TamagotchiEngine.cpp; sourceTree = "<group>"; };
		700FC3AB1769F79B00D3DF9A /* TamagotchiEngine.h */ = {isa = PBXFileReference; lastKnownFileType = sourcecode.c.h; name = TamagotchiEngine.h; path = ../../../Engine/TamagotchiEngine.h; sourceTree = "<group>"; };
		705FB96B17677F20003924B8 /* libTamagotchiEngine.a */ = {isa = PBXFileReference; explicitFileType = archive.ar; includeInIndex = 0; path = libTamagotchiEngine.a; sourceTree = BUILT_PRODUCTS_DIR; };
		705FB98617678001003924B8 /* OpenGLES.framework */ = {isa = PBXFileReference; lastKnownFileType = wrapper.framework; name = OpenGLES.framework; path = System/Library/Frameworks/OpenGLES.framework; sourceTree = SDKROOT; };
		70DA97BA176A520200DFD277 /* CoreFoundation.framework */ = {isa = PBXFileReference; lastKnownFileType = wrapper.framework; name = CoreFoundation.framework; path = System/Library/Frameworks/CoreFoundation.framework; sourceTree = SDKROOT; };
		70DA97BD176A5A1F00DFD277 /* Filesystem.h */ = {isa = PBXFileReference; lastKnownFileType = sourcecode.c.h; path = Filesystem.h; sourceTree = "<group>"; };
		70DA97C1176A5DD100DFD277 /* Filesystem.cpp */ = {isa = PBXFileReference; lastKnownFileType = sourcecode.cpp.cpp; path = Filesystem.cpp; sourceTree = "<group>"; };
		70DA97C3176A5DD100DFD277 /* Filesystem.cpp */ = {isa = PBXFileReference; lastKnownFileType = sourcecode.cpp.cpp; path = Filesystem.cpp; sourceTree = "<group>"; };
/* End PBXFileReference section */

/* Begin PBXFrameworksBuildPhase section */
		705FB96817677F20003924B8 /* Frameworks */ = {
			isa = PBXFrameworksBuildPhase;
			buildActionMask = 2147483647;
			files = (
				70DA97BB176A520200DFD277 /* CoreFoundation.framework in Frameworks */,
				705FB98717678001003924B8 /* OpenGLES.framework in Frameworks */,
			);
			runOnlyForDeploymentPostprocessing = 0;
		};
/* End PBXFrameworksBuildPhase section */

/* Begin PBXGroup section */
		700FC39B1769F79B00D3DF9A /* ResourceMgr */ = {
			isa = PBXGroup;
			children = (
				700FC39C1769F79B00D3DF9A /* ResourceMgr.cpp */,
				700FC39D1769F79B00D3DF9A /* ResourceMgr.h */,
				700FC39E1769F79B00D3DF9A /* XMLResource.cpp */,
				700FC39F1769F79B00D3DF9A /* XMLResource.h */,
				700FC3A01769F79B00D3DF9A /* ZipFile.cpp */,
				700FC3A11769F79B00D3DF9A /* ZipFile.h */,
				70DA97BD176A5A1F00DFD277 /* Filesystem.h */,
			);
			name = ResourceMgr;
			path = ../../../Engine/ResourceMgr;
			sourceTree = "<group>";
		};
		705FB96217677F20003924B8 = {
			isa = PBXGroup;
			children = (
				705FB97017677F20003924B8 /* TamagotchiEngine */,
				705FB98817678010003924B8 /* Frameworks */,
				705FB96C17677F20003924B8 /* Products */,
			);
			sourceTree = "<group>";
		};
		705FB96C17677F20003924B8 /* Products */ = {
			isa = PBXGroup;
			children = (
				705FB96B17677F20003924B8 /* libTamagotchiEngine.a */,
			);
			name = Products;
			sourceTree = "<group>";
		};
		705FB97017677F20003924B8 /* TamagotchiEngine */ = {
			isa = PBXGroup;
			children = (
				70DA97BF176A5DD000DFD277 /* arch */,
				700FC39B1769F79B00D3DF9A /* ResourceMgr */,
				700FC3A21769F79B00D3DF9A /* common.h */,
				700FC3A31769F79B00D3DF9A /* EngineStd.cpp */,
				700FC3A41769F79B00D3DF9A /* Logger.cpp */,
				700FC3A51769F79B00D3DF9A /* Logger.h */,
				700FC3A61769F79B00D3DF9A /* Renderer.cpp */,
				700FC3A71769F79B00D3DF9A /* Renderer.h */,
				700FC3A81769F79B00D3DF9A /* StringUtilities.cpp */,
				700FC3A91769F79B00D3DF9A /* StringUtilities.h */,
				700FC3AA1769F79B00D3DF9A /* TamagotchiEngine.cpp */,
				700FC3AB1769F79B00D3DF9A /* TamagotchiEngine.h */,
			);
			path = TamagotchiEngine;
			sourceTree = "<group>";
		};
		705FB98817678010003924B8 /* Frameworks */ = {
			isa = PBXGroup;
			children = (
				70DA97BA176A520200DFD277 /* CoreFoundation.framework */,
				705FB98617678001003924B8 /* OpenGLES.framework */,
			);
			name = Frameworks;
			sourceTree = "<group>";
		};
		70DA97BF176A5DD000DFD277 /* arch */ = {
			isa = PBXGroup;
			children = (
				70DA97C0176A5DD100DFD277 /* mac */,
				70DA97C2176A5DD100DFD277 /* win32 */,
			);
			name = arch;
			path = ../../../Engine/arch;
			sourceTree = "<group>";
		};
		70DA97C0176A5DD100DFD277 /* mac */ = {
			isa = PBXGroup;
			children = (
				70DA97C1176A5DD100DFD277 /* Filesystem.cpp */,
			);
			path = mac;
			sourceTree = "<group>";
		};
		70DA97C2176A5DD100DFD277 /* win32 */ = {
			isa = PBXGroup;
			children = (
				70DA97C3176A5DD100DFD277 /* Filesystem.cpp */,
			);
			path = win32;
			sourceTree = "<group>";
		};
/* End PBXGroup section */

/* Begin PBXNativeTarget section */
		705FB96A17677F20003924B8 /* TamagotchiEngine */ = {
			isa = PBXNativeTarget;
			buildConfigurationList = 705FB97917677F20003924B8 /* Build configuration list for PBXNativeTarget "TamagotchiEngine" */;
			buildPhases = (
				705FB96717677F20003924B8 /* Sources */,
				705FB96817677F20003924B8 /* Frameworks */,
				705FB96917677F20003924B8 /* CopyFiles */,
			);
			buildRules = (
			);
			dependencies = (
			);
			name = TamagotchiEngine;
			productName = TamagotchiEngine;
			productReference = 705FB96B17677F20003924B8 /* libTamagotchiEngine.a */;
			productType = "com.apple.product-type.library.static";
		};
/* End PBXNativeTarget section */

/* Begin PBXProject section */
		705FB96317677F20003924B8 /* Project object */ = {
			isa = PBXProject;
			attributes = {
				LastUpgradeCheck = 0460;
				ORGANIZATIONNAME = Asido;
			};
			buildConfigurationList = 705FB96617677F20003924B8 /* Build configuration list for PBXProject "TamagotchiEngine" */;
			compatibilityVersion = "Xcode 3.2";
			developmentRegion = English;
			hasScannedForEncodings = 0;
			knownRegions = (
				en,
			);
			mainGroup = 705FB96217677F20003924B8;
			productRefGroup = 705FB96C17677F20003924B8 /* Products */;
			projectDirPath = "";
			projectRoot = "";
			targets = (
				705FB96A17677F20003924B8 /* TamagotchiEngine */,
			);
		};
/* End PBXProject section */

/* Begin PBXSourcesBuildPhase section */
		705FB96717677F20003924B8 /* Sources */ = {
			isa = PBXSourcesBuildPhase;
			buildActionMask = 2147483647;
			files = (
				70DA97C4176A5E1000DFD277 /* Filesystem.cpp in Sources */,
				700FC3AC1769F7BA00D3DF9A /* ResourceMgr.cpp in Sources */,
				700FC3AD1769F7BA00D3DF9A /* XMLResource.cpp in Sources */,
				700FC3AE1769F7BA00D3DF9A /* ZipFile.cpp in Sources */,
				700FC3AF1769F7BA00D3DF9A /* Logger.cpp in Sources */,
				700FC3B01769F7BA00D3DF9A /* Renderer.cpp in Sources */,
				700FC3B11769F7BA00D3DF9A /* StringUtilities.cpp in Sources */,
				700FC3B21769F7BA00D3DF9A /* TamagotchiEngine.cpp in Sources */,
			);
			runOnlyForDeploymentPostprocessing = 0;
		};
/* End PBXSourcesBuildPhase section */

/* Begin XCBuildConfiguration section */
		705FB97717677F20003924B8 /* Debug */ = {
			isa = XCBuildConfiguration;
			buildSettings = {
				ALWAYS_SEARCH_USER_PATHS = NO;
				CLANG_CXX_LANGUAGE_STANDARD = "gnu++0x";
				CLANG_CXX_LIBRARY = "libc++";
				CLANG_WARN_CONSTANT_CONVERSION = YES;
				CLANG_WARN_EMPTY_BODY = YES;
				CLANG_WARN_ENUM_CONVERSION = YES;
				CLANG_WARN_INT_CONVERSION = YES;
				CLANG_WARN__DUPLICATE_METHOD_MATCH = YES;
				COPY_PHASE_STRIP = NO;
				GCC_C_LANGUAGE_STANDARD = gnu99;
				GCC_DYNAMIC_NO_PIC = NO;
				GCC_OPTIMIZATION_LEVEL = 0;
				GCC_PREPROCESSOR_DEFINITIONS = (
					"DEBUG=1",
					"$(inherited)",
				);
				GCC_SYMBOLS_PRIVATE_EXTERN = NO;
				GCC_WARN_ABOUT_RETURN_TYPE = YES;
				GCC_WARN_UNINITIALIZED_AUTOS = YES;
				GCC_WARN_UNUSED_VARIABLE = YES;
				IPHONEOS_DEPLOYMENT_TARGET = 6.1;
				ONLY_ACTIVE_ARCH = YES;
				PRECOMPS_INCLUDE_HEADERS_FROM_BUILT_PRODUCTS_DIR = NO;
				SDKROOT = iphoneos;
			};
			name = Debug;
		};
		705FB97817677F20003924B8 /* Release */ = {
			isa = XCBuildConfiguration;
			buildSettings = {
				ALWAYS_SEARCH_USER_PATHS = NO;
				CLANG_CXX_LANGUAGE_STANDARD = "gnu++0x";
				CLANG_CXX_LIBRARY = "libc++";
				CLANG_WARN_CONSTANT_CONVERSION = YES;
				CLANG_WARN_EMPTY_BODY = YES;
				CLANG_WARN_ENUM_CONVERSION = YES;
				CLANG_WARN_INT_CONVERSION = YES;
				CLANG_WARN__DUPLICATE_METHOD_MATCH = YES;
				COPY_PHASE_STRIP = YES;
				GCC_C_LANGUAGE_STANDARD = gnu99;
				GCC_WARN_ABOUT_RETURN_TYPE = YES;
				GCC_WARN_UNINITIALIZED_AUTOS = YES;
				GCC_WARN_UNUSED_VARIABLE = YES;
				IPHONEOS_DEPLOYMENT_TARGET = 6.1;
				PRECOMPS_INCLUDE_HEADERS_FROM_BUILT_PRODUCTS_DIR = NO;
				SDKROOT = iphoneos;
				VALIDATE_PRODUCT = YES;
			};
			name = Release;
		};
		705FB97A17677F20003924B8 /* Debug */ = {
			isa = XCBuildConfiguration;
			buildSettings = {
				DSTROOT = /tmp/TamagotchiEngine.dst;
				GCC_PRECOMPILE_PREFIX_HEADER = NO;
				GCC_PREFIX_HEADER = "";
				HEADER_SEARCH_PATHS = (
					"$(SRCROOT)/../../../3rdParty/tinyxml2/include",
					"$(SRCROOT)/../../../3rdParty/zlib/include",
					"$(SRCROOT)/../../Engine/Platform/ios",
				);
				LIBRARY_SEARCH_PATHS = (
					"$(SRCROOT)/../../../3rdParty/tinyxml2",
					"$(SRCROOT)/../../../3rdParty/zlib",
				);
				OTHER_LDFLAGS = (
					"-ObjC",
					"-lz",
					"-ltinyxml2",
				);
				PRECOMPS_INCLUDE_HEADERS_FROM_BUILT_PRODUCTS_DIR = NO;
				PRODUCT_NAME = "$(TARGET_NAME)";
				SKIP_INSTALL = YES;
			};
			name = Debug;
		};
		705FB97B17677F20003924B8 /* Release */ = {
			isa = XCBuildConfiguration;
			buildSettings = {
				DSTROOT = /tmp/TamagotchiEngine.dst;
				GCC_PRECOMPILE_PREFIX_HEADER = NO;
				GCC_PREFIX_HEADER = "";
				HEADER_SEARCH_PATHS = (
					"$(SRCROOT)/../../../3rdParty/tinyxml2/include",
					"$(SRCROOT)/../../../3rdParty/zlib/include",
					"$(SRCROOT)/../../Engine/Platform/ios",
				);
				LIBRARY_SEARCH_PATHS = (
					"$(SRCROOT)/../../../3rdParty/tinyxml2",
					"$(SRCROOT)/../../../3rdParty/zlib",
				);
				OTHER_LDFLAGS = (
					"-ObjC",
					"-lz",
					"-ltinyxml2",
				);
				PRECOMPS_INCLUDE_HEADERS_FROM_BUILT_PRODUCTS_DIR = NO;
				PRODUCT_NAME = "$(TARGET_NAME)";
				SKIP_INSTALL = YES;
			};
			name = Release;
		};
/* End XCBuildConfiguration section */

/* Begin XCConfigurationList section */
		705FB96617677F20003924B8 /* Build configuration list for PBXProject "TamagotchiEngine" */ = {
			isa = XCConfigurationList;
			buildConfigurations = (
				705FB97717677F20003924B8 /* Debug */,
				705FB97817677F20003924B8 /* Release */,
			);
			defaultConfigurationIsVisible = 0;
			defaultConfigurationName = Release;
		};
		705FB97917677F20003924B8 /* Build configuration list for PBXNativeTarget "TamagotchiEngine" */ = {
			isa = XCConfigurationList;
			buildConfigurations = (
				705FB97A17677F20003924B8 /* Debug */,
				705FB97B17677F20003924B8 /* Release */,
			);
			defaultConfigurationIsVisible = 0;
			defaultConfigurationName = Release;
		};
/* End XCConfigurationList section */
	};
	rootObject = 705FB96317677F20003924B8 /* Project object */;
}
